
Microsoft Visual Studio Solution File, Format Version 12.00
# Visual Studio Version 17
VisualStudioVersion = 17.7.34024.191
MinimumVisualStudioVersion = 10.0.40219.1
Project("{9A19103F-16F7-4668-BE54-9A1E7A4F7556}") = "Lab34", "Lab34\Lab34.csproj", "{36F92592-BD44-4B55-9FA4-99A64872578F}"
EndProject
Project("{FAE04EC0-301F-11D3-BF4B-00C04F79EFBC}") = "Lab342", "Lab342\Lab342.csproj", "{64A74418-A3D0-4E48-8A45-A353AC5FABC8}"
EndProject
Project("{FAE04EC0-301F-11D3-BF4B-00C04F79EFBC}") = "Lab343", "Lab343\Lab343.csproj", "{1F1A263E-B6DD-49C3-95AD-C276B0EAB237}"
EndProject
Global
	GlobalSection(SolutionConfigurationPlatforms) = preSolution
		Debug|Any CPU = Debug|Any CPU
		Release|Any CPU = Release|Any CPU
	EndGlobalSection
	GlobalSection(ProjectConfigurationPlatforms) = postSolution
		{36F92592-BD44-4B55-9FA4-99A64872578F}.Debug|Any CPU.ActiveCfg = Debug|Any CPU
		{36F92592-BD44-4B55-9FA4-99A64872578F}.Debug|Any CPU.Build.0 = Debug|Any CPU
		{36F92592-BD44-4B55-9FA4-99A64872578F}.Release|Any CPU.ActiveCfg = Release|Any CPU
		{36F92592-BD44-4B55-9FA4-99A64872578F}.Release|Any CPU.Build.0 = Release|Any CPU
		{64A74418-A3D0-4E48-8A45-A353AC5FABC8}.Debug|Any CPU.ActiveCfg = Debug|Any CPU
		{64A74418-A3D0-4E48-8A45-A353AC5FABC8}.Debug|Any CPU.Build.0 = Debug|Any CPU
		{64A74418-A3D0-4E48-8A45-A353AC5FABC8}.Release|Any CPU.ActiveCfg = Release|Any CPU
		{64A74418-A3D0-4E48-8A45-A353AC5FABC8}.Release|Any CPU.Build.0 = Release|Any CPU
		{1F1A263E-B6DD-49C3-95AD-C276B0EAB237}.Debug|Any CPU.ActiveCfg = Debug|Any CPU
		{1F1A263E-B6DD-49C3-95AD-C276B0EAB237}.Debug|Any CPU.Build.0 = Debug|Any CPU
		{1F1A263E-B6DD-49C3-95AD-C276B0EAB237}.Release|Any CPU.ActiveCfg = Release|Any CPU
		{1F1A263E-B6DD-49C3-95AD-C276B0EAB237}.Release|Any CPU.Build.0 = Release|Any CPU
	EndGlobalSection
	GlobalSection(SolutionProperties) = preSolution
		HideSolutionNode = FALSE
	EndGlobalSection
	GlobalSection(ExtensibilityGlobals) = postSolution
		SolutionGuid = {89386761-286F-4F41-A531-9D5311B322E2}
	EndGlobalSection
EndGlobal
